github.com/davecgh/go-spew v1.1.1/go.mod h1:J7Y8YcW2NihsgmVo/mv3lAwl/skON4iLHjSsI+c5H38=
github.com/iComputeDaily/maze v0.0.0-20201213165952-f58d4b36da23 h1:QXs9uL6ip9ZWseXpE58U08lq83ErWZTg+oA6tqjNLNQ=
github.com/iComputeDaily/maze v0.0.0-20201213165952-f58d4b36da23/go.mod h1:sP3aGIkH2IUrBGQo3QVmDW2RN1jx6x3LaQtGmvFd/Ug=
github.com/pelletier/go-toml v1.8.1 h1:1Nf83orprkJyknT6h7zbuEGUEjcyVlCxSUGTENmNCRM=
github.com/pelletier/go-toml v1.8.1/go.mod h1:T2/BmBdy8dvIRq1a/8aqjN41wvWlN4lrapLU/GW4pbc=
github.com/pkg/profile v1.5.0/go.mod h1:qBsxPvzyUincmltOk6iyRVxHYg4adc0OFOv72ZdLa18=
github.com/theodesp/unionfind v0.0.0-20200112172429-2bf90fd5b8c5 h1:1dKIEUOsOeeK4N1GNeQmdsCR1OXoSrDaphIHjrg90tA=
github.com/theodesp/unionfind v0.0.0-20200112172429-2bf90fd5b8c5/go.mod h1:1YbOQ/RED6w5UOYsaWLb346ayQhuDN5xE5Tv31r1n38=
github.com/yourbasic/graph v0.0.0-20170921192928-40eb135c0b26 h1:4u7nCRnWizT8R6xOP7cGaq+Ov0oBGkKMsLWZKiwDFas=
github.com/yourbasic/graph v0.0.0-20170921192928-40eb135c0b26/go.mod h1:Rfzr+sqaDreiCaoQbFCu3sTXxeFq/9kXRuyOoSlGQHE=
